// !$*UTF8*$!
{
	archiveVersion = 1;
	classes = {
	};
	objectVersion = 50;
	objects = {

/* Begin PBXBuildFile section */
		14E78B192443C5C400A90481 /* AppDelegate.swift in Sources */ = {isa = PBXBuildFile; fileRef = 14E78B182443C5C400A90481 /* AppDelegate.swift */; };
		14E78B1B2443C5C400A90481 /* SceneDelegate.swift in Sources */ = {isa = PBXBuildFile; fileRef = 14E78B1A2443C5C400A90481 /* SceneDelegate.swift */; };
		14E78B1D2443C5C400A90481 /* ViewController.swift in Sources */ = {isa = PBXBuildFile; fileRef = 14E78B1C2443C5C400A90481 /* ViewController.swift */; };
		14E78B202443C5C400A90481 /* Main.storyboard in Resources */ = {isa = PBXBuildFile; fileRef = 14E78B1E2443C5C400A90481 /* Main.storyboard */; };
		14E78B222443C5C600A90481 /* Assets.xcassets in Resources */ = {isa = PBXBuildFile; fileRef = 14E78B212443C5C600A90481 /* Assets.xcassets */; };
		14E78B252443C5C600A90481 /* LaunchScreen.storyboard in Resources */ = {isa = PBXBuildFile; fileRef = 14E78B232443C5C600A90481 /* LaunchScreen.storyboard */; };
		14E78B302443C5C600A90481 /* I_Am_RichTests.swift in Sources */ = {isa = PBXBuildFile; fileRef = 14E78B2F2443C5C600A90481 /* I_Am_RichTests.swift */; };
		14E78B3B2443C5C600A90481 /* I_Am_RichUITests.swift in Sources */ = {isa = PBXBuildFile; fileRef = 14E78B3A2443C5C600A90481 /* I_Am_RichUITests.swift */; };
/* End PBXBuildFile section */

/* Begin PBXContainerItemProxy section */
		14E78B2C2443C5C600A90481 /* PBXContainerItemProxy */ = {
			isa = PBXContainerItemProxy;
			containerPortal = 14E78B0D2443C5C400A90481 /* Project object */;
			proxyType = 1;
			remoteGlobalIDString = 14E78B142443C5C400A90481;
			remoteInfo = "I Am Rich";
		};
		14E78B372443C5C600A90481 /* PBXContainerItemProxy */ = {
			isa = PBXContainerItemProxy;
			containerPortal = 14E78B0D2443C5C400A90481 /* Project object */;
			proxyType = 1;
			remoteGlobalIDString = 14E78B142443C5C400A90481;
			remoteInfo = "I Am Rich";
		};
/* End PBXContainerItemProxy section */

/* Begin PBXFileReference section */
		14E78B152443C5C400A90481 /* I Am Rich.app */ = {isa = PBXFileReference; explicitFileType = wrapper.application; includeInIndex = 0; path = "I Am Rich.app"; sourceTree = BUILT_PRODUCTS_DIR; };
		14E78B182443C5C400A90481 /* AppDelegate.swift */ = {isa = PBXFileReference; lastKnownFileType = sourcecode.swift; path = AppDelegate.swift; sourceTree = "<group>"; };
		14E78B1A2443C5C400A90481 /* SceneDelegate.swift */ = {isa = PBXFileReference; lastKnownFileType = sourcecode.swift; path = SceneDelegate.swift; sourceTree = "<group>"; };
		14E78B1C2443C5C400A90481 /* ViewController.swift */ = {isa = PBXFileReference; lastKnownFileType = sourcecode.swift; path = ViewController.swift; sourceTree = "<group>"; };
		14E78B1F2443C5C400A90481 /* Base */ = {isa = PBXFileReference; lastKnownFileType = file.storyboard; name = Base; path = Base.lproj/Main.storyboard; sourceTree = "<group>"; };
		14E78B212443C5C600A90481 /* Assets.xcassets */ = {isa = PBXFileReference; lastKnownFileType = folder.assetcatalog; path = Assets.xcassets; sourceTree = "<group>"; };
		14E78B242443C5C600A90481 /* Base */ = {isa = PBXFileReference; lastKnownFileType = file.storyboard; name = Base; path = Base.lproj/LaunchScreen.storyboard; sourceTree = "<group>"; };
		14E78B262443C5C600A90481 /* Info.plist */ = {isa = PBXFileReference; lastKnownFileType = text.plist.xml; path = Info.plist; sourceTree = "<group>"; };
		14E78B2B2443C5C600A90481 /* I Am RichTests.xctest */ = {isa = PBXFileReference; explicitFileType = wrapper.cfbundle; includeInIndex = 0; path = "I Am RichTests.xctest"; sourceTree = BUILT_PRODUCTS_DIR; };
		14E78B2F2443C5C600A90481 /* I_Am_RichTests.swift */ = {isa = PBXFileReference; lastKnownFileType = sourcecode.swift; path = I_Am_RichTests.swift; sourceTree = "<group>"; };
		14E78B312443C5C600A90481 /* Info.plist */ = {isa = PBXFileReference; lastKnownFileType = text.plist.xml; path = Info.plist; sourceTree = "<group>"; };
		14E78B362443C5C600A90481 /* I Am RichUITests.xctest */ = {isa = PBXFileReference; explicitFileType = wrapper.cfbundle; includeInIndex = 0; path = "I Am RichUITests.xctest"; sourceTree = BUILT_PRODUCTS_DIR; };
		14E78B3A2443C5C600A90481 /* I_Am_RichUITests.swift */ = {isa = PBXFileReference; lastKnownFileType = sourcecode.swift; path = I_Am_RichUITests.swift; sourceTree = "<group>"; };
		14E78B3C2443C5C600A90481 /* Info.plist */ = {isa = PBXFileReference; lastKnownFileType = text.plist.xml; path = Info.plist; sourceTree = "<group>"; };
/* End PBXFileReference section */

/* Begin PBXFrameworksBuildPhase section */
		14E78B122443C5C400A90481 /* Frameworks */ = {
			isa = PBXFrameworksBuildPhase;
			buildActionMask = 2147483647;
			files = (
			);
			runOnlyForDeploymentPostprocessing = 0;
		};
		14E78B282443C5C600A90481 /* Frameworks */ = {
			isa = PBXFrameworksBuildPhase;
			buildActionMask = 2147483647;
			files = (
			);
			runOnlyForDeploymentPostprocessing = 0;
		};
		14E78B332443C5C600A90481 /* Frameworks */ = {
			isa = PBXFrameworksBuildPhase;
			buildActionMask = 2147483647;
			files = (
			);
			runOnlyForDeploymentPostprocessing = 0;
		};
/* End PBXFrameworksBuildPhase section */

/* Begin PBXGroup section */
		14E78B0C2443C5C400A90481 = {
			isa = PBXGroup;
			children = (
				14E78B172443C5C400A90481 /* I Am Rich */,
				14E78B2E2443C5C600A90481 /* I Am RichTests */,
				14E78B392443C5C600A90481 /* I Am RichUITests */,
				14E78B162443C5C400A90481 /* Products */,
			);
			sourceTree = "<group>";
		};
		14E78B162443C5C400A90481 /* Products */ = {
			isa = PBXGroup;
			children = (
				14E78B152443C5C400A90481 /* I Am Rich.app */,
				14E78B2B2443C5C600A90481 /* I Am RichTests.xctest */,
				14E78B362443C5C600A90481 /* I Am RichUITests.xctest */,
			);
			name = Products;
			sourceTree = "<group>";
		};
		14E78B172443C5C400A90481 /* I Am Rich */ = {
			isa = PBXGroup;
			children = (
				14E78B182443C5C400A90481 /* AppDelegate.swift */,
				14E78B1A2443C5C400A90481 /* SceneDelegate.swift */,
				14E78B1C2443C5C400A90481 /* ViewController.swift */,
				14E78B1E2443C5C400A90481 /* Main.storyboard */,
				14E78B212443C5C600A90481 /* Assets.xcassets */,
				14E78B232443C5C600A90481 /* LaunchScreen.storyboard */,
				14E78B262443C5C600A90481 /* Info.plist */,
			);
			path = "I Am Rich";
			sourceTree = "<group>";
		};
		14E78B2E2443C5C600A90481 /* I Am RichTests */ = {
			isa = PBXGroup;
			children = (
				14E78B2F2443C5C600A90481 /* I_Am_RichTests.swift */,
				14E78B312443C5C600A90481 /* Info.plist */,
			);
			path = "I Am RichTests";
			sourceTree = "<group>";
		};
		14E78B392443C5C600A90481 /* I Am RichUITests */ = {
			isa = PBXGroup;
			children = (
				14E78B3A2443C5C600A90481 /* I_Am_RichUITests.swift */,
				14E78B3C2443C5C600A90481 /* Info.plist */,
			);
			path = "I Am RichUITests";
			sourceTree = "<group>";
		};
/* End PBXGroup section */

/* Begin PBXNativeTarget section */
		14E78B142443C5C400A90481 /* I Am Rich */ = {
			isa = PBXNativeTarget;
			buildConfigurationList = 14E78B3F2443C5C600A90481 /* Build configuration list for PBXNativeTarget "I Am Rich" */;
			buildPhases = (
				14E78B112443C5C400A90481 /* Sources */,
				14E78B122443C5C400A90481 /* Frameworks */,
				14E78B132443C5C400A90481 /* Resources */,
			);
			buildRules = (
			);
			dependencies = (
			);
			name = "I Am Rich";
			productName = "I Am Rich";
			productReference = 14E78B152443C5C400A90481 /* I Am Rich.app */;
			productType = "com.apple.product-type.application";
		};
		14E78B2A2443C5C600A90481 /* I Am RichTests */ = {
			isa = PBXNativeTarget;
			buildConfigurationList = 14E78B422443C5C600A90481 /* Build configuration list for PBXNativeTarget "I Am RichTests" */;
			buildPhases = (
				14E78B272443C5C600A90481 /* Sources */,
				14E78B282443C5C600A90481 /* Frameworks */,
				14E78B292443C5C600A90481 /* Resources */,
			);
			buildRules = (
			);
			dependencies = (
				14E78B2D2443C5C600A90481 /* PBXTargetDependency */,
			);
			name = "I Am RichTests";
			productName = "I Am RichTests";
			productReference = 14E78B2B2443C5C600A90481 /* I Am RichTests.xctest */;
			productType = "com.apple.product-type.bundle.unit-test";
		};
		14E78B352443C5C600A90481 /* I Am RichUITests */ = {
			isa = PBXNativeTarget;
			buildConfigurationList = 14E78B452443C5C600A90481 /* Build configuration list for PBXNativeTarget "I Am RichUITests" */;
			buildPhases = (
				14E78B322443C5C600A90481 /* Sources */,
				14E78B332443C5C600A90481 /* Frameworks */,
				14E78B342443C5C600A90481 /* Resources */,
			);
			buildRules = (
			);
			dependencies = (
				14E78B382443C5C600A90481 /* PBXTargetDependency */,
			);
			name = "I Am RichUITests";
			productName = "I Am RichUITests";
			productReference = 14E78B362443C5C600A90481 /* I Am RichUITests.xctest */;
			productType = "com.apple.product-type.bundle.ui-testing";
		};
/* End PBXNativeTarget section */

/* Begin PBXProject section */
		14E78B0D2443C5C400A90481 /* Project object */ = {
			isa = PBXProject;
			attributes = {
				LastSwiftUpdateCheck = 1140;
				LastUpgradeCheck = 1140;
				ORGANIZATIONNAME = "Sean Barton";
				TargetAttributes = {
					14E78B142443C5C400A90481 = {
						CreatedOnToolsVersion = 11.4;
					};
					14E78B2A2443C5C600A90481 = {
						CreatedOnToolsVersion = 11.4;
						TestTargetID = 14E78B142443C5C400A90481;
					};
					14E78B352443C5C600A90481 = {
						CreatedOnToolsVersion = 11.4;
						TestTargetID = 14E78B142443C5C400A90481;
					};
				};
			};
			buildConfigurationList = 14E78B102443C5C400A90481 /* Build configuration list for PBXProject "I Am Rich" */;
			compatibilityVersion = "Xcode 9.3";
			developmentRegion = en;
			hasScannedForEncodings = 0;
			knownRegions = (
				en,
				Base,
			);
			mainGroup = 14E78B0C2443C5C400A90481;
			productRefGroup = 14E78B162443C5C400A90481 /* Products */;
			projectDirPath = "";
			projectRoot = "";
			targets = (
				14E78B142443C5C400A90481 /* I Am Rich */,
				14E78B2A2443C5C600A90481 /* I Am RichTests */,
				14E78B352443C5C600A90481 /* I Am RichUITests */,
			);
		};
/* End PBXProject section */

/* Begin PBXResourcesBuildPhase section */
		14E78B132443C5C400A90481 /* Resources */ = {
			isa = PBXResourcesBuildPhase;
			buildActionMask = 2147483647;
			files = (
				14E78B252443C5C600A90481 /* LaunchScreen.storyboard in Resources */,
				14E78B222443C5C600A90481 /* Assets.xcassets in Resources */,
				14E78B202443C5C400A90481 /* Main.storyboard in Resources */,
			);
			runOnlyForDeploymentPostprocessing = 0;
		};
		14E78B292443C5C600A90481 /* Resources */ = {
			isa = PBXResourcesBuildPhase;
			buildActionMask = 2147483647;
			files = (
			);
			runOnlyForDeploymentPostprocessing = 0;
		};
		14E78B342443C5C600A90481 /* Resources */ = {
			isa = PBXResourcesBuildPhase;
			buildActionMask = 2147483647;
			files = (
			);
			runOnlyForDeploymentPostprocessing = 0;
		};
/* End PBXResourcesBuildPhase section */

/* Begin PBXSourcesBuildPhase section */
		14E78B112443C5C400A90481 /* Sources */ = {
			isa = PBXSourcesBuildPhase;
			buildActionMask = 2147483647;
			files = (
				14E78B1D2443C5C400A90481 /* ViewController.swift in Sources */,
				14E78B192443C5C400A90481 /* AppDelegate.swift in Sources */,
				14E78B1B2443C5C400A90481 /* SceneDelegate.swift in Sources */,
			);
			runOnlyForDeploymentPostprocessing = 0;
		};
		14E78B272443C5C600A90481 /* Sources */ = {
			isa = PBXSourcesBuildPhase;
			buildActionMask = 2147483647;
			files = (
				14E78B302443C5C600A90481 /* I_Am_RichTests.swift in Sources */,
			);
			runOnlyForDeploymentPostprocessing = 0;
		};
		14E78B322443C5C600A90481 /* Sources */ = {
			isa = PBXSourcesBuildPhase;
			buildActionMask = 2147483647;
			files = (
				14E78B3B2443C5C600A90481 /* I_Am_RichUITests.swift in Sources */,
			);
			runOnlyForDeploymentPostprocessing = 0;
		};
/* End PBXSourcesBuildPhase section */

/* Begin PBXTargetDependency section */
		14E78B2D2443C5C600A90481 /* PBXTargetDependency */ = {
			isa = PBXTargetDependency;
			target = 14E78B142443C5C400A90481 /* I Am Rich */;
			targetProxy = 14E78B2C2443C5C600A90481 /* PBXContainerItemProxy */;
		};
		14E78B382443C5C600A90481 /* PBXTargetDependency */ = {
			isa = PBXTargetDependency;
			target = 14E78B142443C5C400A90481 /* I Am Rich */;
			targetProxy = 14E78B372443C5C600A90481 /* PBXContainerItemProxy */;
		};
/* End PBXTargetDependency section */

/* Begin PBXVariantGroup section */
		14E78B1E2443C5C400A90481 /* Main.storyboard */ = {
			isa = PBXVariantGroup;
			children = (
				14E78B1F2443C5C400A90481 /* Base */,
			);
			name = Main.storyboard;
			sourceTree = "<group>";
		};
		14E78B232443C5C600A90481 /* LaunchScreen.storyboard */ = {
			isa = PBXVariantGroup;
			children = (
				14E78B242443C5C600A90481 /* Base */,
			);
			name = LaunchScreen.storyboard;
			sourceTree = "<group>";
		};
/* End PBXVariantGroup section */

/* Begin XCBuildConfiguration section */
		14E78B3D2443C5C600A90481 /* Debug */ = {
			isa = XCBuildConfiguration;
			buildSettings = {
				ALWAYS_SEARCH_USER_PATHS = NO;
				CLANG_ANALYZER_NONNULL = YES;
				CLANG_ANALYZER_NUMBER_OBJECT_CONVERSION = YES_AGGRESSIVE;
				CLANG_CXX_LANGUAGE_STANDARD = "gnu++14";
				CLANG_CXX_LIBRARY = "libc++";
				CLANG_ENABLE_MODULES = YES;
				CLANG_ENABLE_OBJC_ARC = YES;
				CLANG_ENABLE_OBJC_WEAK = YES;
				CLANG_WARN_BLOCK_CAPTURE_AUTORELEASING = YES;
				CLANG_WARN_BOOL_CONVERSION = YES;
				CLANG_WARN_COMMA = YES;
				CLANG_WARN_CONSTANT_CONVERSION = YES;
				CLANG_WARN_DEPRECATED_OBJC_IMPLEMENTATIONS = YES;
				CLANG_WARN_DIRECT_OBJC_ISA_USAGE = YES_ERROR;
				CLANG_WARN_DOCUMENTATION_COMMENTS = YES;
				CLANG_WARN_EMPTY_BODY = YES;
				CLANG_WARN_ENUM_CONVERSION = YES;
				CLANG_WARN_INFINITE_RECURSION = YES;
				CLANG_WARN_INT_CONVERSION = YES;
				CLANG_WARN_NON_LITERAL_NULL_CONVERSION = YES;
				CLANG_WARN_OBJC_IMPLICIT_RETAIN_SELF = YES;
				CLANG_WARN_OBJC_LITERAL_CONVERSION = YES;
				CLANG_WARN_OBJC_ROOT_CLASS = YES_ERROR;
				CLANG_WARN_RANGE_LOOP_ANALYSIS = YES;
				CLANG_WARN_STRICT_PROTOTYPES = YES;
				CLANG_WARN_SUSPICIOUS_MOVE = YES;
				CLANG_WARN_UNGUARDED_AVAILABILITY = YES_AGGRESSIVE;
				CLANG_WARN_UNREACHABLE_CODE = YES;
				CLANG_WARN__DUPLICATE_METHOD_MATCH = YES;
				COPY_PHASE_STRIP = NO;
				DEBUG_INFORMATION_FORMAT = dwarf;
				ENABLE_STRICT_OBJC_MSGSEND = YES;
				ENABLE_TESTABILITY = YES;
				GCC_C_LANGUAGE_STANDARD = gnu11;
				GCC_DYNAMIC_NO_PIC = NO;
				GCC_NO_COMMON_BLOCKS = YES;
				GCC_OPTIMIZATION_LEVEL = 0;
				GCC_PREPROCESSOR_DEFINITIONS = (
					"DEBUG=1",
					"$(inherited)",
				);
				GCC_WARN_64_TO_32_BIT_CONVERSION = YES;
				GCC_WARN_ABOUT_RETURN_TYPE = YES_ERROR;
				GCC_WARN_UNDECLARED_SELECTOR = YES;
				GCC_WARN_UNINITIALIZED_AUTOS = YES_AGGRESSIVE;
				GCC_WARN_UNUSED_FUNCTION = YES;
				GCC_WARN_UNUSED_VARIABLE = YES;
				IPHONEOS_DEPLOYMENT_TARGET = 13.4;
				MTL_ENABLE_DEBUG_INFO = INCLUDE_SOURCE;
				MTL_FAST_MATH = YES;
				ONLY_ACTIVE_ARCH = YES;
				SDKROOT = iphoneos;
				SWIFT_ACTIVE_COMPILATION_CONDITIONS = DEBUG;
				SWIFT_OPTIMIZATION_LEVEL = "-Onone";
			};
			name = Debug;
		};
		14E78B3E2443C5C600A90481 /* Release */ = {
			isa = XCBuildConfiguration;
			buildSettings = {
				ALWAYS_SEARCH_USER_PATHS = NO;
				CLANG_ANALYZER_NONNULL = YES;
				CLANG_ANALYZER_NUMBER_OBJECT_CONVERSION = YES_AGGRESSIVE;
				CLANG_CXX_LANGUAGE_STANDARD = "gnu++14";
				CLANG_CXX_LIBRARY = "libc++";
				CLANG_ENABLE_MODULES = YES;
				CLANG_ENABLE_OBJC_ARC = YES;
				CLANG_ENABLE_OBJC_WEAK = YES;
				CLANG_WARN_BLOCK_CAPTURE_AUTORELEASING = YES;
				CLANG_WARN_BOOL_CONVERSION = YES;
				CLANG_WARN_COMMA = YES;
				CLANG_WARN_CONSTANT_CONVERSION = YES;
				CLANG_WARN_DEPRECATED_OBJC_IMPLEMENTATIONS = YES;
				CLANG_WARN_DIRECT_OBJC_ISA_USAGE = YES_ERROR;
				CLANG_WARN_DOCUMENTATION_COMMENTS = YES;
				CLANG_WARN_EMPTY_BODY = YES;
				CLANG_WARN_ENUM_CONVERSION = YES;
				CLANG_WARN_INFINITE_RECURSION = YES;
				CLANG_WARN_INT_CONVERSION = YES;
				CLANG_WARN_NON_LITERAL_NULL_CONVERSION = YES;
				CLANG_WARN_OBJC_IMPLICIT_RETAIN_SELF = YES;
				CLANG_WARN_OBJC_LITERAL_CONVERSION = YES;
				CLANG_WARN_OBJC_ROOT_CLASS = YES_ERROR;
				CLANG_WARN_RANGE_LOOP_ANALYSIS = YES;
				CLANG_WARN_STRICT_PROTOTYPES = YES;
				CLANG_WARN_SUSPICIOUS_MOVE = YES;
				CLANG_WARN_UNGUARDED_AVAILABILITY = YES_AGGRESSIVE;
				CLANG_WARN_UNREACHABLE_CODE = YES;
				CLANG_WARN__DUPLICATE_METHOD_MATCH = YES;
				COPY_PHASE_STRIP = NO;
				DEBUG_INFORMATION_FORMAT = "dwarf-with-dsym";
				ENABLE_NS_ASSERTIONS = NO;
				ENABLE_STRICT_OBJC_MSGSEND = YES;
				GCC_C_LANGUAGE_STANDARD = gnu11;
				GCC_NO_COMMON_BLOCKS = YES;
				GCC_WARN_64_TO_32_BIT_CONVERSION = YES;
				GCC_WARN_ABOUT_RETURN_TYPE = YES_ERROR;
				GCC_WARN_UNDECLARED_SELECTOR = YES;
				GCC_WARN_UNINITIALIZED_AUTOS = YES_AGGRESSIVE;
				GCC_WARN_UNUSED_FUNCTION = YES;
				GCC_WARN_UNUSED_VARIABLE = YES;
				IPHONEOS_DEPLOYMENT_TARGET = 13.4;
				MTL_ENABLE_DEBUG_INFO = NO;
				MTL_FAST_MATH = YES;
				SDKROOT = iphoneos;
				SWIFT_COMPILATION_MODE = wholemodule;
				SWIFT_OPTIMIZATION_LEVEL = "-O";
				VALIDATE_PRODUCT = YES;
			};
			name = Release;
		};
		14E78B402443C5C600A90481 /* Debug */ = {
			isa = XCBuildConfiguration;
			buildSettings = {
				ASSETCATALOG_COMPILER_APPICON_NAME = AppIcon;
				CODE_SIGN_STYLE = Automatic;
				DEVELOPMENT_TEAM = YKUTWWW98G;
				INFOPLIST_FILE = "I Am Rich/Info.plist";
				IPHONEOS_DEPLOYMENT_TARGET = 13.3;
				LD_RUNPATH_SEARCH_PATHS = (
					"$(inherited)",
					"@executable_path/Frameworks",
				);
				PRODUCT_BUNDLE_IDENTIFIER = "com.seanbarton.I-Am-Rich";
				PRODUCT_NAME = "$(TARGET_NAME)";
				SWIFT_VERSION = 5.0;
				TARGETED_DEVICE_FAMILY = "1,2";
			};
			name = Debug;
		};
		14E78B412443C5C600A90481 /* Release */ = {
			isa = XCBuildConfiguration;
			buildSettings = {
				ASSETCATALOG_COMPILER_APPICON_NAME = AppIcon;
				CODE_SIGN_STYLE = Automatic;
				DEVELOPMENT_TEAM = YKUTWWW98G;
				INFOPLIST_FILE = "I Am Rich/Info.plist";
				IPHONEOS_DEPLOYMENT_TARGET = 13.3;
				LD_RUNPATH_SEARCH_PATHS = (
					"$(inherited)",
					"@executable_path/Frameworks",
				);
				PRODUCT_BUNDLE_IDENTIFIER = "com.seanbarton.I-Am-Rich";
				PRODUCT_NAME = "$(TARGET_NAME)";
				SWIFT_VERSION = 5.0;
				TARGETED_DEVICE_FAMILY = "1,2";
			};
			name = Release;
		};
		14E78B432443C5C600A90481 /* Debug */ = {
			isa = XCBuildConfiguration;
			buildSettings = {
				ALWAYS_EMBED_SWIFT_STANDARD_LIBRARIES = YES;
				BUNDLE_LOADER = "$(TEST_HOST)";
				CODE_SIGN_STYLE = Automatic;
				INFOPLIST_FILE = "I Am RichTests/Info.plist";
				IPHONEOS_DEPLOYMENT_TARGET = 13.4;
				LD_RUNPATH_SEARCH_PATHS = (
					"$(inherited)",
					"@executable_path/Frameworks",
					"@loader_path/Frameworks",
				);
				PRODUCT_BUNDLE_IDENTIFIER = "com.seanbarton.I-Am-RichTests";
				PRODUCT_NAME = "$(TARGET_NAME)";
				SWIFT_VERSION = 5.0;
				TARGETED_DEVICE_FAMILY = "1,2";
				TEST_HOST = "$(BUILT_PRODUCTS_DIR)/I Am Rich.app/I Am Rich";
			};
			name = Debug;
		};
		14E78B442443C5C600A90481 /* Release */ = {
			isa = XCBuildConfiguration;
			buildSettings = {
				ALWAYS_EMBED_SWIFT_STANDARD_LIBRARIES = YES;
				BUNDLE_LOADER = "$(TEST_HOST)";
				CODE_SIGN_STYLE = Automatic;
				INFOPLIST_FILE = "I Am RichTests/Info.plist";
				IPHONEOS_DEPLOYMENT_TARGET = 13.4;
				LD_RUNPATH_SEARCH_PATHS = (
					"$(inherited)",
					"@executable_path/Frameworks",
					"@loader_path/Frameworks",
				);
				PRODUCT_BUNDLE_IDENTIFIER = "com.seanbarton.I-Am-RichTests";
				PRODUCT_NAME = "$(TARGET_NAME)";
				SWIFT_VERSION = 5.0;
				TARGETED_DEVICE_FAMILY = "1,2";
				TEST_HOST = "$(BUILT_PRODUCTS_DIR)/I Am Rich.app/I Am Rich";
			};
			name = Release;
		};
		14E78B462443C5C600A90481 /* Debug */ = {
			isa = XCBuildConfiguration;
			buildSettings = {
				ALWAYS_EMBED_SWIFT_STANDARD_LIBRARIES = YES;
				CODE_SIGN_STYLE = Automatic;
				INFOPLIST_FILE = "I Am RichUITests/Info.plist";
				LD_RUNPATH_SEARCH_PATHS = (
					"$(inherited)",
					"@executable_path/Frameworks",
					"@loader_path/Frameworks",
				);
				PRODUCT_BUNDLE_IDENTIFIER = "com.seanbarton.I-Am-RichUITests";
				PRODUCT_NAME = "$(TARGET_NAME)";
				SWIFT_VERSION = 5.0;
				TARGETED_DEVICE_FAMILY = "1,2";
				TEST_TARGET_NAME = "I Am Rich";
			};
			name = Debug;
		};
		14E78B472443C5C600A90481 /* Release */ = {
			isa = XCBuildConfiguration;
			buildSettings = {
				ALWAYS_EMBED_SWIFT_STANDARD_LIBRARIES = YES;
				CODE_SIGN_STYLE = Automatic;
				INFOPLIST_FILE = "I Am RichUITests/Info.plist";
				LD_RUNPATH_SEARCH_PATHS = (
					"$(inherited)",
					"@executable_path/Frameworks",
					"@loader_path/Frameworks",
				);
				PRODUCT_BUNDLE_IDENTIFIER = "com.seanbarton.I-Am-RichUITests";
				PRODUCT_NAME = "$(TARGET_NAME)";
				SWIFT_VERSION = 5.0;
				TARGETED_DEVICE_FAMILY = "1,2";
				TEST_TARGET_NAME = "I Am Rich";
			};
			name = Release;
		};
/* End XCBuildConfiguration section */

/* Begin XCConfigurationList section */
		14E78B102443C5C400A90481 /* Build configuration list for PBXProject "I Am Rich" */ = {
			isa = XCConfigurationList;
			buildConfigurations = (
				14E78B3D2443C5C600A90481 /* Debug */,
				14E78B3E2443C5C600A90481 /* Release */,
			);
			defaultConfigurationIsVisible = 0;
			defaultConfigurationName = Release;
		};
		14E78B3F2443C5C600A90481 /* Build configuration list for PBXNativeTarget "I Am Rich" */ = {
			isa = XCConfigurationList;
			buildConfigurations = (
				14E78B402443C5C600A90481 /* Debug */,
				14E78B412443C5C600A90481 /* Release */,
			);
			defaultConfigurationIsVisible = 0;
			defaultConfigurationName = Release;
		};
		14E78B422443C5C600A90481 /* Build configuration list for PBXNativeTarget "I Am RichTests" */ = {
			isa = XCConfigurationList;
			buildConfigurations = (
				14E78B432443C5C600A90481 /* Debug */,
				14E78B442443C5C600A90481 /* Release */,
			);
			defaultConfigurationIsVisible = 0;
			defaultConfigurationName = Release;
		};
		14E78B452443C5C600A90481 /* Build configuration list for PBXNativeTarget "I Am RichUITests" */ = {
			isa = XCConfigurationList;
			buildConfigurations = (
				14E78B462443C5C600A90481 /* Debug */,
				14E78B472443C5C600A90481 /* Release */,
			);
			defaultConfigurationIsVisible = 0;
			defaultConfigurationName = Release;
		};
/* End XCConfigurationList section */
	};
	rootObject = 14E78B0D2443C5C400A90481 /* Project object */;
}
